
Microsoft Visual Studio Solution File, Format Version 12.00
# Visual Studio 15
VisualStudioVersion = 15.0.28307.902
MinimumVisualStudioVersion = 10.0.40219.1
Project("{FAE04EC0-301F-11D3-BF4B-00C04F79EFBC}") = "FirmaElectronica", "FirmaElectronica\FirmaElectronica.csproj", "{52D82601-8E8C-458B-91BF-183F39A89A17}"
EndProject
Global
	GlobalSection(SolutionConfigurationPlatforms) = preSolution
		Debug|Any CPU = Debug|Any CPU
		Release|Any CPU = Release|Any CPU
	EndGlobalSection
	GlobalSection(ProjectConfigurationPlatforms) = postSolution
		{52D82601-8E8C-458B-91BF-183F39A89A17}.Debug|Any CPU.ActiveCfg = Debug|Any CPU
		{52D82601-8E8C-458B-91BF-183F39A89A17}.Debug|Any CPU.Build.0 = Debug|Any CPU
		{52D82601-8E8C-458B-91BF-183F39A89A17}.Release|Any CPU.ActiveCfg = Release|Any CPU
		{52D82601-8E8C-458B-91BF-183F39A89A17}.Release|Any CPU.Build.0 = Release|Any CPU
	EndGlobalSection
	GlobalSection(SolutionProperties) = preSolution
		HideSolutionNode = FALSE
	EndGlobalSection
	GlobalSection(ExtensibilityGlobals) = postSolution
		SolutionGuid = {A9ED6E3B-FA60-48B9-8F1A-0323F50677DF}
	EndGlobalSection
EndGlobal
